[[package]]
name = "aiokafka"
version = "0.12.0"
description = "Kafka integration with asyncio"
category = "main"
optional = false
python-versions = ">=3.9"

[package.dependencies]
async-timeout = "*"
packaging = "*"
typing-extensions = ">=4.10.0"

[package.extras]
all = ["cramjam (>=2.8.0)", "gssapi"]
gssapi = ["gssapi"]
lz4 = ["cramjam (>=2.8.0)"]
snappy = ["cramjam"]
zstd = ["cramjam"]

[[package]]
name = "async-timeout"
version = "5.0.1"
description = "Timeout context manager for asyncio programs"
category = "main"
optional = false
python-versions = ">=3.8"

[[package]]
name = "colorama"
version = "0.4.6"
description = "Cross-platform colored terminal text."
category = "main"
optional = false
python-versions = "!=3.0.*,!=3.1.*,!=3.2.*,!=3.3.*,!=3.4.*,!=3.5.*,!=3.6.*,>=2.7"

[[package]]
name = "confluent-kafka"
version = "2.8.2"
description = "Confluent's Python client for Apache Kafka"
category = "main"
optional = false
python-versions = ">=3.7"

[package.extras]
all = ["attrs", "attrs", "authlib", "avro (>=1.11.1,<2)", "avro (>=1.11.1,<2)", "azure-identity", "azure-identity", "azure-keyvault-keys", "azure-keyvault-keys", "boto3", "boto3 (>=1.35)", "cachetools", "cachetools", "cel-python (>=0.1.5)", "cel-python (>=0.1.5)", "confluent-kafka", "fastapi", "fastavro (<1.8.0)", "fastavro (<1.8.0)", "fastavro (<2)", "fastavro (<2)", "flake8", "google-api-core", "google-api-core", "google-auth", "google-auth", "google-cloud-kms", "google-cloud-kms", "googleapis-common-protos", "googleapis-common-protos", "hkdf (==0.0.3)", "hkdf (==0.0.3)", "httpx", "httpx (>=0.26)", "hvac", "hvac", "jsonata-python", "jsonata-python", "jsonschema", "jsonschema", "opentelemetry-distro", "opentelemetry-exporter-otlp", "orjson", "protobuf", "protobuf", "psutil", "pydantic", "pyrsistent", "pyrsistent", "pytest", "pytest-timeout", "pytest_cov", "pyyaml (>=6.0.0)", "pyyaml (>=6.0.0)", "requests", "requests", "requests-mock", "respx", "six", "sphinx", "sphinx-rtd-theme", "tink", "tink", "urllib3 (<2)", "urllib3 (<3)", "uvicorn"]
avro = ["attrs", "authlib", "avro (>=1.11.1,<2)", "cachetools", "fastavro (<1.8.0)", "fastavro (<2)", "httpx (>=0.26)", "requests"]
dev = ["attrs", "attrs", "authlib", "avro (>=1.11.1,<2)", "avro (>=1.11.1,<2)", "azure-identity", "azure-identity", "azure-keyvault-keys", "azure-keyvault-keys", "boto3", "boto3 (>=1.35)", "cachetools", "cachetools", "cel-python (>=0.1.5)", "cel-python (>=0.1.5)", "confluent-kafka", "fastapi", "fastavro (<1.8.0)", "fastavro (<1.8.0)", "fastavro (<2)", "fastavro (<2)", "flake8", "google-api-core", "google-api-core", "google-auth", "google-auth", "google-cloud-kms", "google-cloud-kms", "googleapis-common-protos", "googleapis-common-protos", "hkdf (==0.0.3)", "hkdf (==0.0.3)", "httpx", "httpx (>=0.26)", "hvac", "hvac", "jsonata-python", "jsonata-python", "jsonschema", "jsonschema", "orjson", "protobuf", "protobuf", "pydantic", "pyrsistent", "pyrsistent", "pytest", "pytest-timeout", "pytest_cov", "pyyaml (>=6.0.0)", "pyyaml (>=6.0.0)", "requests", "requests", "requests-mock", "respx", "six", "sphinx", "sphinx-rtd-theme", "tink", "tink", "urllib3 (<2)", "urllib3 (<3)", "uvicorn"]
docs = ["attrs", "authlib", "avro (>=1.11.1,<2)", "azure-identity", "azure-keyvault-keys", "boto3 (>=1.35)", "cachetools", "cel-python (>=0.1.5)", "fastavro (<1.8.0)", "fastavro (<2)", "google-api-core", "google-auth", "google-cloud-kms", "googleapis-common-protos", "hkdf (==0.0.3)", "httpx (>=0.26)", "hvac", "jsonata-python", "jsonschema", "protobuf", "pyrsistent", "pyyaml (>=6.0.0)", "requests", "sphinx", "sphinx-rtd-theme", "tink"]
examples = ["attrs", "avro (>=1.11.1,<2)", "azure-identity", "azure-keyvault-keys", "boto3", "cachetools", "cel-python (>=0.1.5)", "confluent-kafka", "fastapi", "fastavro (<1.8.0)", "fastavro (<2)", "google-api-core", "google-auth", "google-cloud-kms", "googleapis-common-protos", "hkdf (==0.0.3)", "httpx", "hvac", "jsonata-python", "jsonschema", "protobuf", "pydantic", "pyrsistent", "pyyaml (>=6.0.0)", "requests", "six", "tink", "uvicorn"]
json = ["attrs", "authlib", "cachetools", "httpx (>=0.26)", "jsonschema", "pyrsistent"]
protobuf = ["attrs", "authlib", "cachetools", "googleapis-common-protos", "httpx (>=0.26)", "protobuf"]
rules = ["attrs", "authlib", "azure-identity", "azure-keyvault-keys", "boto3 (>=1.35)", "cachetools", "cel-python (>=0.1.5)", "google-api-core", "google-auth", "google-cloud-kms", "hkdf (==0.0.3)", "httpx (>=0.26)", "hvac", "jsonata-python", "pyyaml (>=6.0.0)", "tink"]
schema-registry = ["attrs", "authlib", "cachetools", "httpx (>=0.26)"]
schemaregistry = ["attrs", "authlib", "cachetools", "httpx (>=0.26)"]
soaktest = ["opentelemetry-distro", "opentelemetry-exporter-otlp", "psutil"]
tests = ["attrs", "authlib", "avro (>=1.11.1,<2)", "azure-identity", "azure-keyvault-keys", "boto3 (>=1.35)", "cachetools", "cel-python (>=0.1.5)", "fastavro (<1.8.0)", "fastavro (<2)", "flake8", "google-api-core", "google-auth", "google-cloud-kms", "googleapis-common-protos", "hkdf (==0.0.3)", "httpx (>=0.26)", "hvac", "jsonata-python", "jsonschema", "orjson", "protobuf", "pyrsistent", "pytest", "pytest-timeout", "pytest_cov", "pyyaml (>=6.0.0)", "requests", "requests-mock", "respx", "tink", "urllib3 (<2)", "urllib3 (<3)"]

[[package]]
name = "loguru"
version = "0.7.3"
description = "Python logging made (stupidly) simple"
category = "main"
optional = false
python-versions = "<4.0,>=3.5"

[package.dependencies]
colorama = {version = ">=0.3.4", markers = "sys_platform == \"win32\""}
win32-setctime = {version = ">=1.0.0", markers = "sys_platform == \"win32\""}

[package.extras]
dev = ["Sphinx (==8.1.3)", "build (==1.2.2)", "colorama (==0.4.5)", "colorama (==0.4.6)", "exceptiongroup (==1.1.3)", "freezegun (==1.1.0)", "freezegun (==1.5.0)", "mypy (==v0.910)", "mypy (==v0.971)", "mypy (==v1.13.0)", "mypy (==v1.4.1)", "myst-parser (==4.0.0)", "pre-commit (==4.0.1)", "pytest (==6.1.2)", "pytest (==8.3.2)", "pytest-cov (==2.12.1)", "pytest-cov (==5.0.0)", "pytest-cov (==6.0.0)", "pytest-mypy-plugins (==1.9.3)", "pytest-mypy-plugins (==3.1.0)", "sphinx-rtd-theme (==3.0.2)", "tox (==3.27.1)", "tox (==4.23.2)", "twine (==6.0.1)"]

[[package]]
name = "packaging"
version = "24.2"
description = "Core utilities for Python packages"
category = "main"
optional = false
python-versions = ">=3.8"

[[package]]
name = "typing-extensions"
version = "4.13.0"
description = "Backported and Experimental Type Hints for Python 3.8+"
category = "main"
optional = false
python-versions = ">=3.8"

[[package]]
name = "win32-setctime"
version = "1.2.0"
description = "A small Python utility to set file creation time on Windows"
category = "main"
optional = false
python-versions = ">=3.5"

[package.extras]
dev = ["black (>=19.3b0)", "pytest (>=4.6.2)"]

[metadata]
lock-version = "1.1"
python-versions = "^3.10"
content-hash = "bb1c19bc3f297a13a0314caa7041d7022cb6ac3c545cdab2bb4347ada557732f"

[metadata.files]
aiokafka = [
    {file = "aiokafka-0.12.0-cp310-cp310-macosx_10_9_x86_64.whl", hash = "sha256:da8938eac2153ca767ac0144283b3df7e74bb4c0abc0c9a722f3ae63cfbf3a42"},
    {file = "aiokafka-0.12.0-cp310-cp310-macosx_11_0_arm64.whl", hash = "sha256:a5c827c8883cfe64bc49100de82862225714e1853432df69aba99f135969bb1b"},
    {file = "aiokafka-0.12.0-cp310-cp310-manylinux_2_17_aarch64.manylinux2014_aarch64.whl", hash = "sha256:bea5710f7707ed12a7f8661ab38dfa80f5253a405de5ba228f457cc30404eb51"},
    {file = "aiokafka-0.12.0-cp310-cp310-manylinux_2_17_x86_64.manylinux2014_x86_64.whl", hash = "sha256:d87b1a45c57bbb1c17d1900a74739eada27e4f4a0b0932ab3c5a8cbae8bbfe1e"},
    {file = "aiokafka-0.12.0-cp310-cp310-win32.whl", hash = "sha256:1158e630664d9abc74d8a7673bc70dc10737ff758e1457bebc1c05890f29ce2c"},
    {file = "aiokafka-0.12.0-cp310-cp310-win_amd64.whl", hash = "sha256:06f5889acf8e1a81d6e14adf035acb29afd1f5836447fa8fa23d3cbe8f7e8608"},
    {file = "aiokafka-0.12.0-cp311-cp311-macosx_10_9_x86_64.whl", hash = "sha256:ddc5308c43d48af883667e2f950a0a9739ce2c9bfe69a0b55dc234f58b1b42d6"},
    {file = "aiokafka-0.12.0-cp311-cp311-macosx_11_0_arm64.whl", hash = "sha256:ff63689cafcd6dd642a15de75b7ae121071d6162cccba16d091bcb28b3886307"},
    {file = "aiokafka-0.12.0-cp311-cp311-manylinux_2_17_aarch64.manylinux2014_aarch64.whl", hash = "sha256:24633931e05a9dc80555a2f845572b6845d2dcb1af12de27837b8602b1b8bc74"},
    {file = "aiokafka-0.12.0-cp311-cp311-manylinux_2_17_x86_64.manylinux2014_x86_64.whl", hash = "sha256:42b2436c7c69384d210e9169fbfe339d9f49dbdcfddd8d51c79b9877de545e33"},
    {file = "aiokafka-0.12.0-cp311-cp311-win32.whl", hash = "sha256:90511a2c4cf5f343fc2190575041fbc70171654ab0dae64b3bbabd012613bfa7"},
    {file = "aiokafka-0.12.0-cp311-cp311-win_amd64.whl", hash = "sha256:04c8ad27d04d6c53a1859687015a5f4e58b1eb221e8a7342d6c6b04430def53e"},
    {file = "aiokafka-0.12.0-cp312-cp312-macosx_10_13_x86_64.whl", hash = "sha256:b01947553ff1120fa1cb1a05f2c3e5aa47a5378c720bafd09e6630ba18af02aa"},
    {file = "aiokafka-0.12.0-cp312-cp312-macosx_11_0_arm64.whl", hash = "sha256:e3c8ec1c0606fa645462c7353dc3e4119cade20c4656efa2031682ffaad361c0"},
    {file = "aiokafka-0.12.0-cp312-cp312-manylinux_2_17_aarch64.manylinux2014_aarch64.whl", hash = "sha256:577c1c48b240e9eba57b3d2d806fb3d023a575334fc3953f063179170cc8964f"},
    {file = "aiokafka-0.12.0-cp312-cp312-manylinux_2_17_x86_64.manylinux2014_x86_64.whl", hash = "sha256:d7b815b2e5fed9912f1231be6196547a367b9eb3380b487ff5942f0c73a3fb5c"},
    {file = "aiokafka-0.12.0-cp312-cp312-win32.whl", hash = "sha256:5a907abcdf02430df0829ac80f25b8bb849630300fa01365c76e0ae49306f512"},
    {file = "aiokafka-0.12.0-cp312-cp312-win_amd64.whl", hash = "sha256:fdbd69ec70eea4a8dfaa5c35ff4852e90e1277fcc426b9380f0b499b77f13b16"},
    {file = "aiokafka-0.12.0-cp313-cp313-macosx_10_13_x86_64.whl", hash = "sha256:f9e8ab97b935ca681a5f28cf22cf2b5112be86728876b3ec07e4ed5fc6c21f2d"},
    {file = "aiokafka-0.12.0-cp313-cp313-macosx_11_0_arm64.whl", hash = "sha256:ed991c120fe19fd9439f564201dd746c4839700ef270dd4c3ee6d4895f64fe83"},
    {file = "aiokafka-0.12.0-cp313-cp313-manylinux_2_17_aarch64.manylinux2014_aarch64.whl", hash = "sha256:2c01abf9787b1c3f3af779ad8e76d5b74903f590593bc26f33ed48750503e7f7"},
    {file = "aiokafka-0.12.0-cp313-cp313-manylinux_2_17_x86_64.manylinux2014_x86_64.whl", hash = "sha256:08c84b3894d97fd02fcc8886f394000d0f5ce771fab5c498ea2b0dd2f6b46d5b"},
    {file = "aiokafka-0.12.0-cp313-cp313-win32.whl", hash = "sha256:63875fed922c8c7cf470d9b2a82e1b76b4a1baf2ae62e07486cf516fd09ff8f2"},
    {file = "aiokafka-0.12.0-cp313-cp313-win_amd64.whl", hash = "sha256:bdc0a83eb386d2384325d6571f8ef65b4cfa205f8d1c16d7863e8d10cacd995a"},
    {file = "aiokafka-0.12.0-cp39-cp39-macosx_10_9_x86_64.whl", hash = "sha256:a9590554fae68ec80099beae5366f2494130535a1a3db0c4fa5ccb08f37f6e46"},
    {file = "aiokafka-0.12.0-cp39-cp39-macosx_11_0_arm64.whl", hash = "sha256:6c77f5953ff4b25c889aef26df1f28df66c58db7abb7f34ecbe48502e9a6d273"},
    {file = "aiokafka-0.12.0-cp39-cp39-manylinux_2_17_aarch64.manylinux2014_aarch64.whl", hash = "sha256:f96d7fd8fdb5f439f7e7860fd8ec37870265d0578475e82049bce60ab07ca045"},
    {file = "aiokafka-0.12.0-cp39-cp39-manylinux_2_17_x86_64.manylinux2014_x86_64.whl", hash = "sha256:b8ddff02b1e981083dff6d1a80d4502e0e83e0e480faf1f881766ca6f23e8d22"},
    {file = "aiokafka-0.12.0-cp39-cp39-win32.whl", hash = "sha256:4aab2767dcc8923626d8d60c314f9ba633563249cff71750db5d70b6ec813da2"},
    {file = "aiokafka-0.12.0-cp39-cp39-win_amd64.whl", hash = "sha256:7a57fda053acd1b88c87803ad0381a1d2a29d36ec561550d11ce9154972b8e23"},
    {file = "aiokafka-0.12.0.tar.gz", hash = "sha256:62423895b866f95b5ed8d88335295a37cc5403af64cb7cb0e234f88adc2dff94"},
]
async-timeout = [
    {file = "async_timeout-5.0.1-py3-none-any.whl", hash = "sha256:39e3809566ff85354557ec2398b55e096c8364bacac9405a7a1fa429e77fe76c"},
    {file = "async_timeout-5.0.1.tar.gz", hash = "sha256:d9321a7a3d5a6a5e187e824d2fa0793ce379a202935782d555d6e9d2735677d3"},
]
colorama = [
    {file = "colorama-0.4.6-py2.py3-none-any.whl", hash = "sha256:4f1d9991f5acc0ca119f9d443620b77f9d6b33703e51011c16baf57afb285fc6"},
    {file = "colorama-0.4.6.tar.gz", hash = "sha256:08695f5cb7ed6e0531a20572697297273c47b8cae5a63ffc6d6ed5c201be6e44"},
]
confluent-kafka = [
    {file = "confluent_kafka-2.8.2-cp310-cp310-macosx_10_9_x86_64.whl", hash = "sha256:2de2540246d01ec73f6ccbbe189106c97e828ff99d5803b4b629639d3fcf61bd"},
    {file = "confluent_kafka-2.8.2-cp310-cp310-macosx_11_0_arm64.whl", hash = "sha256:8fa24b18a1dfa7afa22124a4c417c991d3a7e5639c968c5993724d0e6b55069e"},
    {file = "confluent_kafka-2.8.2-cp310-cp310-manylinux_2_28_aarch64.whl", hash = "sha256:fae2edce2e4f9b0455d60e1590421ea36e5a31562073663c39446feedf804f19"},
    {file = "confluent_kafka-2.8.2-cp310-cp310-manylinux_2_28_x86_64.whl", hash = "sha256:bf6cff008f407cb9c2eac6465c858402980af81355a94dc0070f6ac70b014aa5"},
    {file = "confluent_kafka-2.8.2-cp310-cp310-win_amd64.whl", hash = "sha256:835594da79e09cb239a0d9434af556d8ca6bedb4d7efc1995adf085ca44aaca6"},
    {file = "confluent_kafka-2.8.2-cp311-cp311-macosx_10_9_x86_64.whl", hash = "sha256:958be78c89e25f2506ef39ee0251c171b9cd3f771ad7687ab56165e8e32b7df1"},
    {file = "confluent_kafka-2.8.2-cp311-cp311-macosx_11_0_arm64.whl", hash = "sha256:38e0c4809670d9a6a3e268b82793db90fe408a569f7215266abd27b52b7ecf3d"},
    {file = "confluent_kafka-2.8.2-cp311-cp311-manylinux_2_28_aarch64.whl", hash = "sha256:882b67c076661be252dca962fe7f26c92e8da23b6607618e6512e462750e7f83"},
    {file = "confluent_kafka-2.8.2-cp311-cp311-manylinux_2_28_x86_64.whl", hash = "sha256:fd10d521873e7d2f64c7d1bc0ee1fc27434d7bc45e50e8a8abf7e8366e38002a"},
    {file = "confluent_kafka-2.8.2-cp311-cp311-win_amd64.whl", hash = "sha256:1969bfb672a7c55d1bcacd54d3c2cf90f45dbef29a5934828d439cafded31dc9"},
    {file = "confluent_kafka-2.8.2-cp312-cp312-macosx_10_9_x86_64.whl", hash = "sha256:b632a230abee16b03bdfbb931eb6cdd05a3b9474066b5dcae01550a0faf7cbaf"},
    {file = "confluent_kafka-2.8.2-cp312-cp312-macosx_11_0_arm64.whl", hash = "sha256:cd8f33fb94258b676c7c86520f572e2866405056bb31c3425d01fbe0a21f6883"},
    {file = "confluent_kafka-2.8.2-cp312-cp312-manylinux_2_28_aarch64.whl", hash = "sha256:2cb254a1d53af672cd0d9f3b34492cb5ca4dae829cecc48292afedd199312f06"},
    {file = "confluent_kafka-2.8.2-cp312-cp312-manylinux_2_28_x86_64.whl", hash = "sha256:9ca5a6ddd6401684d6e7237e11efb112087e4c4c4535503e07fc3385e52b2f16"},
    {file = "confluent_kafka-2.8.2-cp312-cp312-win_amd64.whl", hash = "sha256:77eb22389c5d95a5d4b8a5713ee3f9ad084cbd19107eb80f51678f676fc3a27f"},
    {file = "confluent_kafka-2.8.2-cp313-cp313-macosx_13_0_arm64.whl", hash = "sha256:0974d544bf8b0f23cae70852e53a4e7fec1af7fc83222b302f3ce8855d3ff70b"},
    {file = "confluent_kafka-2.8.2-cp313-cp313-macosx_13_0_x86_64.whl", hash = "sha256:8eb18f6908aa10cb1f410b429abcb0a62d0ca0daf4386ef3784022d0779d236e"},
    {file = "confluent_kafka-2.8.2-cp313-cp313-manylinux_2_28_aarch64.whl", hash = "sha256:9171a75ef2430eb04dea4b433de7ae20db063b7cea2318cb0e6394175a153f6f"},
    {file = "confluent_kafka-2.8.2-cp313-cp313-manylinux_2_28_x86_64.whl", hash = "sha256:6ea4f733aaa2c6363adb8cd1cfeda16599642c472e479cea66c6b298325df0aa"},
    {file = "confluent_kafka-2.8.2-cp313-cp313-win_amd64.whl", hash = "sha256:60c6b77179301366410b35bbd224099a43061c983047329b69ed594f86240e7a"},
    {file = "confluent_kafka-2.8.2-cp313-cp313t-manylinux_2_28_aarch64.whl", hash = "sha256:1eaf441620918600bd8dcfb0e38f2102bf735938ba4d87b057bddacd1fa46262"},
    {file = "confluent_kafka-2.8.2-cp37-cp37m-macosx_10_9_x86_64.whl", hash = "sha256:ec6c0e72c2b8d8d19209a094ddbb87579973b096f7490229aff5c0a1603aef38"},
    {file = "confluent_kafka-2.8.2-cp37-cp37m-manylinux_2_28_aarch64.whl", hash = "sha256:d78deb8a443dc4ba2ed21c4902da9b78fba469b7ceeac92f4e1db739a74b512e"},
    {file = "confluent_kafka-2.8.2-cp37-cp37m-manylinux_2_28_x86_64.whl", hash = "sha256:5cf86372a660e29363c9165014227fd492923887efb3fea85373bb67cbd8a1a3"},
    {file = "confluent_kafka-2.8.2-cp37-cp37m-win_amd64.whl", hash = "sha256:169788daf3f6a45e50df3e8ebce5beec5ecd1387edebac181291de5d92db58c5"},
    {file = "confluent_kafka-2.8.2-cp38-cp38-macosx_10_9_x86_64.whl", hash = "sha256:59411423ebb9804743f4b409b352af93c003bd2bd929890744e3c95f4c76d37a"},
    {file = "confluent_kafka-2.8.2-cp38-cp38-macosx_11_0_arm64.whl", hash = "sha256:696689124df8734f6f8ed2edf7d0036d66acdff2c3915078e66b73aebef6b333"},
    {file = "confluent_kafka-2.8.2-cp38-cp38-manylinux_2_28_aarch64.whl", hash = "sha256:5c5a7490c2c593d8fb84fb10ae95ec9ec631fb229c64e307247a3d1558b7f3e7"},
    {file = "confluent_kafka-2.8.2-cp38-cp38-manylinux_2_28_x86_64.whl", hash = "sha256:5093c3d2dde81ac1dccf5355bcab4f28c8c39f3501b18d910cbdc08cb0b2b946"},
    {file = "confluent_kafka-2.8.2-cp38-cp38-win_amd64.whl", hash = "sha256:41f646f924a77e5d2dcc1d421d24130bf8e518f80043c5b740c1763bf5c79f25"},
    {file = "confluent_kafka-2.8.2-cp39-cp39-macosx_10_9_x86_64.whl", hash = "sha256:c1206376218e083a9a962c20fabb881b995b63e8ff55d2ee3408a7527de5584f"},
    {file = "confluent_kafka-2.8.2-cp39-cp39-macosx_11_0_arm64.whl", hash = "sha256:b179d792c9ccecbb5d358db8bc16f01798f55ba3f0f281f6b2d698541489cd47"},
    {file = "confluent_kafka-2.8.2-cp39-cp39-manylinux_2_28_aarch64.whl", hash = "sha256:5e49281da59dbefc9ea0f41431e1604a629076ff9ad9cadf9258f4a57b12f968"},
    {file = "confluent_kafka-2.8.2-cp39-cp39-manylinux_2_28_x86_64.whl", hash = "sha256:356d0a27bf350da69fea80d982b777a6b87f91f4b2326b3c8b061e3a01bcdd60"},
    {file = "confluent_kafka-2.8.2-cp39-cp39-win_amd64.whl", hash = "sha256:5b4471c7ced93407c2c8ee89d7735cbc387aaa3f68707201e7351ce03f59647c"},
    {file = "confluent_kafka-2.8.2.tar.gz", hash = "sha256:e8cac2a00968c587d7e7a8fbb6b2d3c2eb0d342d42fdf1fdc36c10036b944bf3"},
]
loguru = [
    {file = "loguru-0.7.3-py3-none-any.whl", hash = "sha256:31a33c10c8e1e10422bfd431aeb5d351c7cf7fa671e3c4df004162264b28220c"},
    {file = "loguru-0.7.3.tar.gz", hash = "sha256:19480589e77d47b8d85b2c827ad95d49bf31b0dcde16593892eb51dd18706eb6"},
]
packaging = [
    {file = "packaging-24.2-py3-none-any.whl", hash = "sha256:09abb1bccd265c01f4a3aa3f7a7db064b36514d2cba19a2f694fe6150451a759"},
    {file = "packaging-24.2.tar.gz", hash = "sha256:c228a6dc5e932d346bc5739379109d49e8853dd8223571c7c5b55260edc0b97f"},
]
typing-extensions = [
    {file = "typing_extensions-4.13.0-py3-none-any.whl", hash = "sha256:c8dd92cc0d6425a97c18fbb9d1954e5ff92c1ca881a309c45f06ebc0b79058e5"},
    {file = "typing_extensions-4.13.0.tar.gz", hash = "sha256:0a4ac55a5820789d87e297727d229866c9650f6521b64206413c4fbada24d95b"},
]
win32-setctime = [
    {file = "win32_setctime-1.2.0-py3-none-any.whl", hash = "sha256:95d644c4e708aba81dc3704a116d8cbc974d70b3bdb8be1d150e36be6e9d1390"},
    {file = "win32_setctime-1.2.0.tar.gz", hash = "sha256:ae1fdf948f5640aae05c511ade119313fb6a30d7eabe25fef9764dca5873c4c0"},
]
